// !$*UTF8*$!
{
	archiveVersion = 1;
	classes = {
	};
	objectVersion = 46;
	objects = {

/* Begin PBXBuildFile section */
		1AE5E6F527D51E893E3D56E3 /* libPods.a in Frameworks */ = {isa = PBXBuildFile; fileRef = 09678BDD0C72546D4AC2189C /* libPods.a */; };
		3A3C91851AAEA2E3003BAE22 /* PrayerTimesController.m in Sources */ = {isa = PBXBuildFile; fileRef = 3A3C91831AAEA2E3003BAE22 /* PrayerTimesController.m */; };
		3A3C91861AAEA2E3003BAE22 /* PrayerTimesController.xib in Resources */ = {isa = PBXBuildFile; fileRef = 3A3C91841AAEA2E3003BAE22 /* PrayerTimesController.xib */; };
		3A3C918A1AAEA365003BAE22 /* PrayerCell.m in Sources */ = {isa = PBXBuildFile; fileRef = 3A3C91881AAEA365003BAE22 /* PrayerCell.m */; };
		3A3C918B1AAEA365003BAE22 /* PrayerCell.xib in Resources */ = {isa = PBXBuildFile; fileRef = 3A3C91891AAEA365003BAE22 /* PrayerCell.xib */; };
		3A55F6711AAD26F4006C2652 /* NextPrayerViewController.m in Sources */ = {isa = PBXBuildFile; fileRef = 3A55F66F1AAD26F4006C2652 /* NextPrayerViewController.m */; };
		3A55F6721AAD26F4006C2652 /* NextPrayerViewController.xib in Resources */ = {isa = PBXBuildFile; fileRef = 3A55F6701AAD26F4006C2652 /* NextPrayerViewController.xib */; };
		3A55F6841AAD3379006C2652 /* Lato-Black.ttf in Resources */ = {isa = PBXBuildFile; fileRef = 3A55F6791AAD3379006C2652 /* Lato-Black.ttf */; };
		3A55F6851AAD3379006C2652 /* Lato-BlackItalic.ttf in Resources */ = {isa = PBXBuildFile; fileRef = 3A55F67A1AAD3379006C2652 /* Lato-BlackItalic.ttf */; };
		3A55F6861AAD3379006C2652 /* Lato-Bold.ttf in Resources */ = {isa = PBXBuildFile; fileRef = 3A55F67B1AAD3379006C2652 /* Lato-Bold.ttf */; };
		3A55F6871AAD3379006C2652 /* Lato-BoldItalic.ttf in Resources */ = {isa = PBXBuildFile; fileRef = 3A55F67C1AAD3379006C2652 /* Lato-BoldItalic.ttf */; };
		3A55F6881AAD3379006C2652 /* Lato-Hairline.ttf in Resources */ = {isa = PBXBuildFile; fileRef = 3A55F67D1AAD3379006C2652 /* Lato-Hairline.ttf */; };
		3A55F6891AAD3379006C2652 /* Lato-HairlineItalic.ttf in Resources */ = {isa = PBXBuildFile; fileRef = 3A55F67E1AAD3379006C2652 /* Lato-HairlineItalic.ttf */; };
		3A55F68A1AAD3379006C2652 /* Lato-Italic.ttf in Resources */ = {isa = PBXBuildFile; fileRef = 3A55F67F1AAD3379006C2652 /* Lato-Italic.ttf */; };
		3A55F68B1AAD3379006C2652 /* Lato-Light.ttf in Resources */ = {isa = PBXBuildFile; fileRef = 3A55F6801AAD3379006C2652 /* Lato-Light.ttf */; };
		3A55F68C1AAD3379006C2652 /* Lato-LightItalic.ttf in Resources */ = {isa = PBXBuildFile; fileRef = 3A55F6811AAD3379006C2652 /* Lato-LightItalic.ttf */; };
		3A55F68D1AAD3379006C2652 /* Lato-Regular.ttf in Resources */ = {isa = PBXBuildFile; fileRef = 3A55F6821AAD3379006C2652 /* Lato-Regular.ttf */; };
		3A55F68E1AAD3379006C2652 /* OFL.txt in Resources */ = {isa = PBXBuildFile; fileRef = 3A55F6831AAD3379006C2652 /* OFL.txt */; };
		3A55F6911AAD3976006C2652 /* PrayerLocaleManager.m in Sources */ = {isa = PBXBuildFile; fileRef = 3A55F6901AAD3976006C2652 /* PrayerLocaleManager.m */; };
		3A55F6981AAD3F36006C2652 /* CoreLocation.framework in Frameworks */ = {isa = PBXBuildFile; fileRef = 3A55F6971AAD3F36006C2652 /* CoreLocation.framework */; };
		3A5FAA861AAD71B800CAAE78 /* StyleManager.m in Sources */ = {isa = PBXBuildFile; fileRef = 3A5FAA851AAD71B800CAAE78 /* StyleManager.m */; };
		3A7B6FA11AB002F60043E3D1 /* Lato-Black.ttf in Resources */ = {isa = PBXBuildFile; fileRef = 3A55F6791AAD3379006C2652 /* Lato-Black.ttf */; };
		3A7B6FA21AB002F60043E3D1 /* Lato-BlackItalic.ttf in Resources */ = {isa = PBXBuildFile; fileRef = 3A55F67A1AAD3379006C2652 /* Lato-BlackItalic.ttf */; };
		3A7B6FA31AB002F60043E3D1 /* Lato-Bold.ttf in Resources */ = {isa = PBXBuildFile; fileRef = 3A55F67B1AAD3379006C2652 /* Lato-Bold.ttf */; };
		3A7B6FA41AB002F60043E3D1 /* Lato-BoldItalic.ttf in Resources */ = {isa = PBXBuildFile; fileRef = 3A55F67C1AAD3379006C2652 /* Lato-BoldItalic.ttf */; };
		3A7B6FA51AB002F60043E3D1 /* Lato-Hairline.ttf in Resources */ = {isa = PBXBuildFile; fileRef = 3A55F67D1AAD3379006C2652 /* Lato-Hairline.ttf */; };
		3A7B6FA61AB002F60043E3D1 /* Lato-HairlineItalic.ttf in Resources */ = {isa = PBXBuildFile; fileRef = 3A55F67E1AAD3379006C2652 /* Lato-HairlineItalic.ttf */; };
		3A7B6FA71AB002F60043E3D1 /* Lato-Italic.ttf in Resources */ = {isa = PBXBuildFile; fileRef = 3A55F67F1AAD3379006C2652 /* Lato-Italic.ttf */; };
		3A7B6FA81AB002F60043E3D1 /* Lato-Light.ttf in Resources */ = {isa = PBXBuildFile; fileRef = 3A55F6801AAD3379006C2652 /* Lato-Light.ttf */; };
		3A7B6FA91AB002F60043E3D1 /* Lato-LightItalic.ttf in Resources */ = {isa = PBXBuildFile; fileRef = 3A55F6811AAD3379006C2652 /* Lato-LightItalic.ttf */; };
		3A7B6FAA1AB002F60043E3D1 /* Lato-Regular.ttf in Resources */ = {isa = PBXBuildFile; fileRef = 3A55F6821AAD3379006C2652 /* Lato-Regular.ttf */; };
		3A7B6FAB1AB003CB0043E3D1 /* StyleManager.m in Sources */ = {isa = PBXBuildFile; fileRef = 3A5FAA851AAD71B800CAAE78 /* StyleManager.m */; };
		3A7B6FAC1AB0044F0043E3D1 /* Lato-Black.ttf in Resources */ = {isa = PBXBuildFile; fileRef = 3A55F6791AAD3379006C2652 /* Lato-Black.ttf */; };
		3A7B6FAD1AB0044F0043E3D1 /* Lato-BlackItalic.ttf in Resources */ = {isa = PBXBuildFile; fileRef = 3A55F67A1AAD3379006C2652 /* Lato-BlackItalic.ttf */; };
		3A7B6FAE1AB0044F0043E3D1 /* Lato-Bold.ttf in Resources */ = {isa = PBXBuildFile; fileRef = 3A55F67B1AAD3379006C2652 /* Lato-Bold.ttf */; };
		3A7B6FAF1AB0044F0043E3D1 /* Lato-BoldItalic.ttf in Resources */ = {isa = PBXBuildFile; fileRef = 3A55F67C1AAD3379006C2652 /* Lato-BoldItalic.ttf */; };
		3A7B6FB01AB0044F0043E3D1 /* Lato-Hairline.ttf in Resources */ = {isa = PBXBuildFile; fileRef = 3A55F67D1AAD3379006C2652 /* Lato-Hairline.ttf */; };
		3A7B6FB11AB0044F0043E3D1 /* Lato-HairlineItalic.ttf in Resources */ = {isa = PBXBuildFile; fileRef = 3A55F67E1AAD3379006C2652 /* Lato-HairlineItalic.ttf */; };
		3A7B6FB21AB0044F0043E3D1 /* Lato-Italic.ttf in Resources */ = {isa = PBXBuildFile; fileRef = 3A55F67F1AAD3379006C2652 /* Lato-Italic.ttf */; };
		3A7B6FB31AB0044F0043E3D1 /* Lato-Light.ttf in Resources */ = {isa = PBXBuildFile; fileRef = 3A55F6801AAD3379006C2652 /* Lato-Light.ttf */; };
		3A7B6FB41AB0044F0043E3D1 /* Lato-LightItalic.ttf in Resources */ = {isa = PBXBuildFile; fileRef = 3A55F6811AAD3379006C2652 /* Lato-LightItalic.ttf */; };
		3A7B6FB51AB0044F0043E3D1 /* Lato-Regular.ttf in Resources */ = {isa = PBXBuildFile; fileRef = 3A55F6821AAD3379006C2652 /* Lato-Regular.ttf */; };
		3A9B1AF11AAFFE2E00E7A01F /* PrayerLocaleManager.m in Sources */ = {isa = PBXBuildFile; fileRef = 3A55F6901AAD3976006C2652 /* PrayerLocaleManager.m */; };
		3AC38DDE1AAD0EBB0028B94E /* main.m in Sources */ = {isa = PBXBuildFile; fileRef = 3AC38DDD1AAD0EBB0028B94E /* main.m */; };
		3AC38DE11AAD0EBB0028B94E /* AppDelegate.m in Sources */ = {isa = PBXBuildFile; fileRef = 3AC38DE01AAD0EBB0028B94E /* AppDelegate.m */; };
		3AC38DE91AAD0EBB0028B94E /* Images.xcassets in Resources */ = {isa = PBXBuildFile; fileRef = 3AC38DE81AAD0EBB0028B94E /* Images.xcassets */; };
		3AC38DEC1AAD0EBB0028B94E /* LaunchScreen.xib in Resources */ = {isa = PBXBuildFile; fileRef = 3AC38DEA1AAD0EBB0028B94E /* LaunchScreen.xib */; };
		3AC38DF81AAD0EBB0028B94E /* beautifulprayerTests.m in Sources */ = {isa = PBXBuildFile; fileRef = 3AC38DF71AAD0EBB0028B94E /* beautifulprayerTests.m */; };
		3AC38E041AAD10760028B94E /* Crashlytics.framework in Frameworks */ = {isa = PBXBuildFile; fileRef = 3AC38E021AAD10760028B94E /* Crashlytics.framework */; };
		3AC38E051AAD10760028B94E /* Fabric.framework in Frameworks */ = {isa = PBXBuildFile; fileRef = 3AC38E031AAD10760028B94E /* Fabric.framework */; };
		3ADDEEEB1AB6F3C7006FE3E9 /* SettingsViewController.m in Sources */ = {isa = PBXBuildFile; fileRef = 3ADDEEE91AB6F3C7006FE3E9 /* SettingsViewController.m */; };
		3ADDEEEC1AB6F3C7006FE3E9 /* SettingsViewController.xib in Resources */ = {isa = PBXBuildFile; fileRef = 3ADDEEEA1AB6F3C7006FE3E9 /* SettingsViewController.xib */; };
		3ADDEEF01AB6F5A7006FE3E9 /* LocalStore.m in Sources */ = {isa = PBXBuildFile; fileRef = 3ADDEEEF1AB6F5A7006FE3E9 /* LocalStore.m */; };
		3ADDEEF11AB6F8CE006FE3E9 /* LocalStore.m in Sources */ = {isa = PBXBuildFile; fileRef = 3ADDEEEF1AB6F5A7006FE3E9 /* LocalStore.m */; };
		3ADDEEF51AB6FCD3006FE3E9 /* SettingsCell.m in Sources */ = {isa = PBXBuildFile; fileRef = 3ADDEEF31AB6FCD3006FE3E9 /* SettingsCell.m */; };
		3ADDEEF61AB6FCD3006FE3E9 /* SettingsCell.xib in Resources */ = {isa = PBXBuildFile; fileRef = 3ADDEEF41AB6FCD3006FE3E9 /* SettingsCell.xib */; };
		3AE470121AAFFA74000C3C88 /* InterfaceController.m in Sources */ = {isa = PBXBuildFile; fileRef = 3AE470111AAFFA74000C3C88 /* InterfaceController.m */; };
		3AE470141AAFFA74000C3C88 /* Images.xcassets in Resources */ = {isa = PBXBuildFile; fileRef = 3AE470131AAFFA74000C3C88 /* Images.xcassets */; };
		3AE470181AAFFA75000C3C88 /* beautifulprayer WatchKit App.app in Resources */ = {isa = PBXBuildFile; fileRef = 3AE470171AAFFA75000C3C88 /* beautifulprayer WatchKit App.app */; };
		3AE470201AAFFA75000C3C88 /* Interface.storyboard in Resources */ = {isa = PBXBuildFile; fileRef = 3AE4701E1AAFFA75000C3C88 /* Interface.storyboard */; };
		3AE470221AAFFA75000C3C88 /* Images.xcassets in Resources */ = {isa = PBXBuildFile; fileRef = 3AE470211AAFFA75000C3C88 /* Images.xcassets */; };
		98C1F19A852ABB85EF13EF59 /* libPods.a in Frameworks */ = {isa = PBXBuildFile; fileRef = 09678BDD0C72546D4AC2189C /* libPods.a */; };
		D3D76C246306D9A4E9A18D7A /* libPods.a in Frameworks */ = {isa = PBXBuildFile; fileRef = 09678BDD0C72546D4AC2189C /* libPods.a */; };
/* End PBXBuildFile section */

/* Begin PBXContainerItemProxy section */
		3AC38DF21AAD0EBB0028B94E /* PBXContainerItemProxy */ = {
			isa = PBXContainerItemProxy;
			containerPortal = 3AC38DD01AAD0EBB0028B94E /* Project object */;
			proxyType = 1;
			remoteGlobalIDString = 3AC38DD71AAD0EBB0028B94E;
			remoteInfo = beautifulprayer;
		};
		3AE470191AAFFA75000C3C88 /* PBXContainerItemProxy */ = {
			isa = PBXContainerItemProxy;
			containerPortal = 3AC38DD01AAD0EBB0028B94E /* Project object */;
			proxyType = 1;
			remoteGlobalIDString = 3AE470161AAFFA75000C3C88;
			remoteInfo = "beautifulprayer WatchKit App";
		};
/* End PBXContainerItemProxy section */

/* Begin PBXFileReference section */
		09678BDD0C72546D4AC2189C /* libPods.a */ = {isa = PBXFileReference; explicitFileType = archive.ar; includeInIndex = 0; path = libPods.a; sourceTree = BUILT_PRODUCTS_DIR; };
		269884BAD64910D680978C92 /* Pods.debug.xcconfig */ = {isa = PBXFileReference; includeInIndex = 1; lastKnownFileType = text.xcconfig; name = Pods.debug.xcconfig; path = "Pods/Target Support Files/Pods/Pods.debug.xcconfig"; sourceTree = "<group>"; };
		3A3C91821AAEA2E3003BAE22 /* PrayerTimesController.h */ = {isa = PBXFileReference; fileEncoding = 4; lastKnownFileType = sourcecode.c.h; path = PrayerTimesController.h; sourceTree = "<group>"; };
		3A3C91831AAEA2E3003BAE22 /* PrayerTimesController.m */ = {isa = PBXFileReference; fileEncoding = 4; lastKnownFileType = sourcecode.c.objc; path = PrayerTimesController.m; sourceTree = "<group>"; };
		3A3C91841AAEA2E3003BAE22 /* PrayerTimesController.xib */ = {isa = PBXFileReference; fileEncoding = 4; lastKnownFileType = file.xib; path = PrayerTimesController.xib; sourceTree = "<group>"; };
		3A3C91871AAEA365003BAE22 /* PrayerCell.h */ = {isa = PBXFileReference; fileEncoding = 4; lastKnownFileType = sourcecode.c.h; path = PrayerCell.h; sourceTree = "<group>"; };
		3A3C91881AAEA365003BAE22 /* PrayerCell.m */ = {isa = PBXFileReference; fileEncoding = 4; lastKnownFileType = sourcecode.c.objc; path = PrayerCell.m; sourceTree = "<group>"; };
		3A3C91891AAEA365003BAE22 /* PrayerCell.xib */ = {isa = PBXFileReference; fileEncoding = 4; lastKnownFileType = file.xib; path = PrayerCell.xib; sourceTree = "<group>"; };
		3A55F66E1AAD26F4006C2652 /* NextPrayerViewController.h */ = {isa = PBXFileReference; fileEncoding = 4; lastKnownFileType = sourcecode.c.h; path = NextPrayerViewController.h; sourceTree = "<group>"; };
		3A55F66F1AAD26F4006C2652 /* NextPrayerViewController.m */ = {isa = PBXFileReference; fileEncoding = 4; lastKnownFileType = sourcecode.c.objc; path = NextPrayerViewController.m; sourceTree = "<group>"; };
		3A55F6701AAD26F4006C2652 /* NextPrayerViewController.xib */ = {isa = PBXFileReference; fileEncoding = 4; lastKnownFileType = file.xib; path = NextPrayerViewController.xib; sourceTree = "<group>"; };
		3A55F6791AAD3379006C2652 /* Lato-Black.ttf */ = {isa = PBXFileReference; lastKnownFileType = file; path = "Lato-Black.ttf"; sourceTree = "<group>"; };
		3A55F67A1AAD3379006C2652 /* Lato-BlackItalic.ttf */ = {isa = PBXFileReference; lastKnownFileType = file; path = "Lato-BlackItalic.ttf"; sourceTree = "<group>"; };
		3A55F67B1AAD3379006C2652 /* Lato-Bold.ttf */ = {isa = PBXFileReference; lastKnownFileType = file; path = "Lato-Bold.ttf"; sourceTree = "<group>"; };
		3A55F67C1AAD3379006C2652 /* Lato-BoldItalic.ttf */ = {isa = PBXFileReference; lastKnownFileType = file; path = "Lato-BoldItalic.ttf"; sourceTree = "<group>"; };
		3A55F67D1AAD3379006C2652 /* Lato-Hairline.ttf */ = {isa = PBXFileReference; lastKnownFileType = file; path = "Lato-Hairline.ttf"; sourceTree = "<group>"; };
		3A55F67E1AAD3379006C2652 /* Lato-HairlineItalic.ttf */ = {isa = PBXFileReference; lastKnownFileType = file; path = "Lato-HairlineItalic.ttf"; sourceTree = "<group>"; };
		3A55F67F1AAD3379006C2652 /* Lato-Italic.ttf */ = {isa = PBXFileReference; lastKnownFileType = file; path = "Lato-Italic.ttf"; sourceTree = "<group>"; };
		3A55F6801AAD3379006C2652 /* Lato-Light.ttf */ = {isa = PBXFileReference; lastKnownFileType = file; path = "Lato-Light.ttf"; sourceTree = "<group>"; };
		3A55F6811AAD3379006C2652 /* Lato-LightItalic.ttf */ = {isa = PBXFileReference; lastKnownFileType = file; path = "Lato-LightItalic.ttf"; sourceTree = "<group>"; };
		3A55F6821AAD3379006C2652 /* Lato-Regular.ttf */ = {isa = PBXFileReference; lastKnownFileType = file; path = "Lato-Regular.ttf"; sourceTree = "<group>"; };
		3A55F6831AAD3379006C2652 /* OFL.txt */ = {isa = PBXFileReference; fileEncoding = 4; lastKnownFileType = text; path = OFL.txt; sourceTree = "<group>"; };
		3A55F68F1AAD3976006C2652 /* PrayerLocaleManager.h */ = {isa = PBXFileReference; fileEncoding = 4; lastKnownFileType = sourcecode.c.h; path = PrayerLocaleManager.h; sourceTree = "<group>"; };
		3A55F6901AAD3976006C2652 /* PrayerLocaleManager.m */ = {isa = PBXFileReference; fileEncoding = 4; lastKnownFileType = sourcecode.c.objc; path = PrayerLocaleManager.m; sourceTree = "<group>"; };
		3A55F6971AAD3F36006C2652 /* CoreLocation.framework */ = {isa = PBXFileReference; lastKnownFileType = wrapper.framework; name = CoreLocation.framework; path = System/Library/Frameworks/CoreLocation.framework; sourceTree = SDKROOT; };
		3A5FAA841AAD71B800CAAE78 /* StyleManager.h */ = {isa = PBXFileReference; fileEncoding = 4; lastKnownFileType = sourcecode.c.h; path = StyleManager.h; sourceTree = "<group>"; };
		3A5FAA851AAD71B800CAAE78 /* StyleManager.m */ = {isa = PBXFileReference; fileEncoding = 4; lastKnownFileType = sourcecode.c.objc; path = StyleManager.m; sourceTree = "<group>"; };
		3AC38DD81AAD0EBB0028B94E /* beautifulprayer.app */ = {isa = PBXFileReference; explicitFileType = wrapper.application; includeInIndex = 0; path = beautifulprayer.app; sourceTree = BUILT_PRODUCTS_DIR; };
		3AC38DDC1AAD0EBB0028B94E /* Info.plist */ = {isa = PBXFileReference; lastKnownFileType = text.plist.xml; path = Info.plist; sourceTree = "<group>"; };
		3AC38DDD1AAD0EBB0028B94E /* main.m */ = {isa = PBXFileReference; lastKnownFileType = sourcecode.c.objc; path = main.m; sourceTree = "<group>"; };
		3AC38DDF1AAD0EBB0028B94E /* AppDelegate.h */ = {isa = PBXFileReference; lastKnownFileType = sourcecode.c.h; path = AppDelegate.h; sourceTree = "<group>"; };
		3AC38DE01AAD0EBB0028B94E /* AppDelegate.m */ = {isa = PBXFileReference; lastKnownFileType = sourcecode.c.objc; path = AppDelegate.m; sourceTree = "<group>"; };
		3AC38DE81AAD0EBB0028B94E /* Images.xcassets */ = {isa = PBXFileReference; lastKnownFileType = folder.assetcatalog; path = Images.xcassets; sourceTree = "<group>"; };
		3AC38DEB1AAD0EBB0028B94E /* Base */ = {isa = PBXFileReference; lastKnownFileType = file.xib; name = Base; path = Base.lproj/LaunchScreen.xib; sourceTree = "<group>"; };
		3AC38DF11AAD0EBB0028B94E /* beautifulprayerTests.xctest */ = {isa = PBXFileReference; explicitFileType = wrapper.cfbundle; includeInIndex = 0; path = beautifulprayerTests.xctest; sourceTree = BUILT_PRODUCTS_DIR; };
		3AC38DF61AAD0EBB0028B94E /* Info.plist */ = {isa = PBXFileReference; lastKnownFileType = text.plist.xml; path = Info.plist; sourceTree = "<group>"; };
		3AC38DF71AAD0EBB0028B94E /* beautifulprayerTests.m */ = {isa = PBXFileReference; lastKnownFileType = sourcecode.c.objc; path = beautifulprayerTests.m; sourceTree = "<group>"; };
		3AC38E021AAD10760028B94E /* Crashlytics.framework */ = {isa = PBXFileReference; lastKnownFileType = wrapper.framework; path = Crashlytics.framework; sourceTree = "<group>"; };
		3AC38E031AAD10760028B94E /* Fabric.framework */ = {isa = PBXFileReference; lastKnownFileType = wrapper.framework; path = Fabric.framework; sourceTree = "<group>"; };
		3ADDEEE81AB6F3C7006FE3E9 /* SettingsViewController.h */ = {isa = PBXFileReference; fileEncoding = 4; lastKnownFileType = sourcecode.c.h; path = SettingsViewController.h; sourceTree = "<group>"; };
		3ADDEEE91AB6F3C7006FE3E9 /* SettingsViewController.m */ = {isa = PBXFileReference; fileEncoding = 4; lastKnownFileType = sourcecode.c.objc; path = SettingsViewController.m; sourceTree = "<group>"; };
		3ADDEEEA1AB6F3C7006FE3E9 /* SettingsViewController.xib */ = {isa = PBXFileReference; fileEncoding = 4; lastKnownFileType = file.xib; path = SettingsViewController.xib; sourceTree = "<group>"; };
		3ADDEEEE1AB6F5A7006FE3E9 /* LocalStore.h */ = {isa = PBXFileReference; fileEncoding = 4; lastKnownFileType = sourcecode.c.h; path = LocalStore.h; sourceTree = "<group>"; };
		3ADDEEEF1AB6F5A7006FE3E9 /* LocalStore.m */ = {isa = PBXFileReference; fileEncoding = 4; lastKnownFileType = sourcecode.c.objc; path = LocalStore.m; sourceTree = "<group>"; };
		3ADDEEF21AB6FCD3006FE3E9 /* SettingsCell.h */ = {isa = PBXFileReference; fileEncoding = 4; lastKnownFileType = sourcecode.c.h; path = SettingsCell.h; sourceTree = "<group>"; };
		3ADDEEF31AB6FCD3006FE3E9 /* SettingsCell.m */ = {isa = PBXFileReference; fileEncoding = 4; lastKnownFileType = sourcecode.c.objc; path = SettingsCell.m; sourceTree = "<group>"; };
		3ADDEEF41AB6FCD3006FE3E9 /* SettingsCell.xib */ = {isa = PBXFileReference; fileEncoding = 4; lastKnownFileType = file.xib; path = SettingsCell.xib; sourceTree = "<group>"; };
		3AE4700C1AAFFA74000C3C88 /* beautifulprayer WatchKit Extension.appex */ = {isa = PBXFileReference; explicitFileType = "wrapper.app-extension"; includeInIndex = 0; path = "beautifulprayer WatchKit Extension.appex"; sourceTree = BUILT_PRODUCTS_DIR; };
		3AE4700F1AAFFA74000C3C88 /* Info.plist */ = {isa = PBXFileReference; lastKnownFileType = text.plist.xml; path = Info.plist; sourceTree = "<group>"; };
		3AE470101AAFFA74000C3C88 /* InterfaceController.h */ = {isa = PBXFileReference; lastKnownFileType = sourcecode.c.h; path = InterfaceController.h; sourceTree = "<group>"; };
		3AE470111AAFFA74000C3C88 /* InterfaceController.m */ = {isa = PBXFileReference; lastKnownFileType = sourcecode.c.objc; path = InterfaceController.m; sourceTree = "<group>"; };
		3AE470131AAFFA74000C3C88 /* Images.xcassets */ = {isa = PBXFileReference; lastKnownFileType = folder.assetcatalog; path = Images.xcassets; sourceTree = "<group>"; };
		3AE470171AAFFA75000C3C88 /* beautifulprayer WatchKit App.app */ = {isa = PBXFileReference; explicitFileType = wrapper.application; includeInIndex = 0; path = "beautifulprayer WatchKit App.app"; sourceTree = BUILT_PRODUCTS_DIR; };
		3AE4701D1AAFFA75000C3C88 /* Info.plist */ = {isa = PBXFileReference; lastKnownFileType = text.plist.xml; path = Info.plist; sourceTree = "<group>"; };
		3AE4701F1AAFFA75000C3C88 /* Base */ = {isa = PBXFileReference; lastKnownFileType = file.storyboard; name = Base; path = Base.lproj/Interface.storyboard; sourceTree = "<group>"; };
		3AE470211AAFFA75000C3C88 /* Images.xcassets */ = {isa = PBXFileReference; lastKnownFileType = folder.assetcatalog; path = Images.xcassets; sourceTree = "<group>"; };
		B467E19C6686B600DBA2E924 /* Pods.release.xcconfig */ = {isa = PBXFileReference; includeInIndex = 1; lastKnownFileType = text.xcconfig; name = Pods.release.xcconfig; path = "Pods/Target Support Files/Pods/Pods.release.xcconfig"; sourceTree = "<group>"; };
/* End PBXFileReference section */

/* Begin PBXFrameworksBuildPhase section */
		2403FD104D8AAD716C8338D9 /* Frameworks */ = {
			isa = PBXFrameworksBuildPhase;
			buildActionMask = 2147483647;
			files = (
				D3D76C246306D9A4E9A18D7A /* libPods.a in Frameworks */,
			);
			runOnlyForDeploymentPostprocessing = 0;
		};
		3AC38DD51AAD0EBB0028B94E /* Frameworks */ = {
			isa = PBXFrameworksBuildPhase;
			buildActionMask = 2147483647;
			files = (
				3A55F6981AAD3F36006C2652 /* CoreLocation.framework in Frameworks */,
				3AC38E041AAD10760028B94E /* Crashlytics.framework in Frameworks */,
				98C1F19A852ABB85EF13EF59 /* libPods.a in Frameworks */,
				3AC38E051AAD10760028B94E /* Fabric.framework in Frameworks */,
			);
			runOnlyForDeploymentPostprocessing = 0;
		};
		3AC38DEE1AAD0EBB0028B94E /* Frameworks */ = {
			isa = PBXFrameworksBuildPhase;
			buildActionMask = 2147483647;
			files = (
			);
			runOnlyForDeploymentPostprocessing = 0;
		};
		3AE470091AAFFA74000C3C88 /* Frameworks */ = {
			isa = PBXFrameworksBuildPhase;
			buildActionMask = 2147483647;
			files = (
				1AE5E6F527D51E893E3D56E3 /* libPods.a in Frameworks */,
			);
			runOnlyForDeploymentPostprocessing = 0;
		};
/* End PBXFrameworksBuildPhase section */

/* Begin PBXGroup section */
		35D2DCCC313C2F2AD03C235D /* Frameworks */ = {
			isa = PBXGroup;
			children = (
				3A55F6971AAD3F36006C2652 /* CoreLocation.framework */,
				3AC38E021AAD10760028B94E /* Crashlytics.framework */,
				3AC38E031AAD10760028B94E /* Fabric.framework */,
				09678BDD0C72546D4AC2189C /* libPods.a */,
			);
			name = Frameworks;
			sourceTree = "<group>";
		};
		3A55F66B1AAD23CC006C2652 /* Controller */ = {
			isa = PBXGroup;
			children = (
				3A55F66E1AAD26F4006C2652 /* NextPrayerViewController.h */,
				3A55F66F1AAD26F4006C2652 /* NextPrayerViewController.m */,
				3A55F6701AAD26F4006C2652 /* NextPrayerViewController.xib */,
				3A3C91821AAEA2E3003BAE22 /* PrayerTimesController.h */,
				3A3C91831AAEA2E3003BAE22 /* PrayerTimesController.m */,
				3A3C91841AAEA2E3003BAE22 /* PrayerTimesController.xib */,
				3ADDEEE81AB6F3C7006FE3E9 /* SettingsViewController.h */,
				3ADDEEE91AB6F3C7006FE3E9 /* SettingsViewController.m */,
				3ADDEEEA1AB6F3C7006FE3E9 /* SettingsViewController.xib */,
			);
			name = Controller;
			sourceTree = "<group>";
		};
		3A55F66C1AAD23D1006C2652 /* Model */ = {
			isa = PBXGroup;
			children = (
				3ADDEEED1AB6F587006FE3E9 /* LocalStore */,
				3A55F6921AAD3DB7006C2652 /* Locale */,
				3A55F6731AAD2E19006C2652 /* Style */,
			);
			name = Model;
			sourceTree = "<group>";
		};
		3A55F66D1AAD23D7006C2652 /* View */ = {
			isa = PBXGroup;
			children = (
				3A3C91871AAEA365003BAE22 /* PrayerCell.h */,
				3A3C91881AAEA365003BAE22 /* PrayerCell.m */,
				3A3C91891AAEA365003BAE22 /* PrayerCell.xib */,
				3ADDEEF21AB6FCD3006FE3E9 /* SettingsCell.h */,
				3ADDEEF31AB6FCD3006FE3E9 /* SettingsCell.m */,
				3ADDEEF41AB6FCD3006FE3E9 /* SettingsCell.xib */,
			);
			name = View;
			sourceTree = "<group>";
		};
		3A55F6731AAD2E19006C2652 /* Style */ = {
			isa = PBXGroup;
			children = (
				3A5FAA841AAD71B800CAAE78 /* StyleManager.h */,
				3A5FAA851AAD71B800CAAE78 /* StyleManager.m */,
			);
			name = Style;
			sourceTree = "<group>";
		};
		3A55F6771AAD3372006C2652 /* Fonts */ = {
			isa = PBXGroup;
			children = (
				3A55F6781AAD3379006C2652 /* Lato */,
			);
			name = Fonts;
			sourceTree = "<group>";
		};
		3A55F6781AAD3379006C2652 /* Lato */ = {
			isa = PBXGroup;
			children = (
				3A55F6791AAD3379006C2652 /* Lato-Black.ttf */,
				3A55F67A1AAD3379006C2652 /* Lato-BlackItalic.ttf */,
				3A55F67B1AAD3379006C2652 /* Lato-Bold.ttf */,
				3A55F67C1AAD3379006C2652 /* Lato-BoldItalic.ttf */,
				3A55F67D1AAD3379006C2652 /* Lato-Hairline.ttf */,
				3A55F67E1AAD3379006C2652 /* Lato-HairlineItalic.ttf */,
				3A55F67F1AAD3379006C2652 /* Lato-Italic.ttf */,
				3A55F6801AAD3379006C2652 /* Lato-Light.ttf */,
				3A55F6811AAD3379006C2652 /* Lato-LightItalic.ttf */,
				3A55F6821AAD3379006C2652 /* Lato-Regular.ttf */,
				3A55F6831AAD3379006C2652 /* OFL.txt */,
			);
			path = Lato;
			sourceTree = "<group>";
		};
		3A55F6921AAD3DB7006C2652 /* Locale */ = {
			isa = PBXGroup;
			children = (
				3A55F68F1AAD3976006C2652 /* PrayerLocaleManager.h */,
				3A55F6901AAD3976006C2652 /* PrayerLocaleManager.m */,
			);
			name = Locale;
			sourceTree = "<group>";
		};
		3AC38DCF1AAD0EBB0028B94E = {
			isa = PBXGroup;
			children = (
				3AC38DDA1AAD0EBB0028B94E /* beautifulprayer */,
				3AC38DF41AAD0EBB0028B94E /* beautifulprayerTests */,
				3AE4700D1AAFFA74000C3C88 /* beautifulprayer WatchKit Extension */,
				3AE4701B1AAFFA75000C3C88 /* beautifulprayer WatchKit App */,
				3AC38DD91AAD0EBB0028B94E /* Products */,
				ABCFF168C360E4AA926AD987 /* Pods */,
				35D2DCCC313C2F2AD03C235D /* Frameworks */,
			);
			sourceTree = "<group>";
		};
		3AC38DD91AAD0EBB0028B94E /* Products */ = {
			isa = PBXGroup;
			children = (
				3AC38DD81AAD0EBB0028B94E /* beautifulprayer.app */,
				3AC38DF11AAD0EBB0028B94E /* beautifulprayerTests.xctest */,
				3AE4700C1AAFFA74000C3C88 /* beautifulprayer WatchKit Extension.appex */,
				3AE470171AAFFA75000C3C88 /* beautifulprayer WatchKit App.app */,
			);
			name = Products;
			sourceTree = "<group>";
		};
		3AC38DDA1AAD0EBB0028B94E /* beautifulprayer */ = {
			isa = PBXGroup;
			children = (
				3A55F66D1AAD23D7006C2652 /* View */,
				3A55F66C1AAD23D1006C2652 /* Model */,
				3A55F66B1AAD23CC006C2652 /* Controller */,
				3AC38DDF1AAD0EBB0028B94E /* AppDelegate.h */,
				3AC38DE01AAD0EBB0028B94E /* AppDelegate.m */,
				3AC38DE81AAD0EBB0028B94E /* Images.xcassets */,
				3AC38DEA1AAD0EBB0028B94E /* LaunchScreen.xib */,
				3AC38DDB1AAD0EBB0028B94E /* Supporting Files */,
			);
			path = beautifulprayer;
			sourceTree = "<group>";
		};
		3AC38DDB1AAD0EBB0028B94E /* Supporting Files */ = {
			isa = PBXGroup;
			children = (
				3A55F6771AAD3372006C2652 /* Fonts */,
				3AC38DDC1AAD0EBB0028B94E /* Info.plist */,
				3AC38DDD1AAD0EBB0028B94E /* main.m */,
			);
			name = "Supporting Files";
			sourceTree = "<group>";
		};
		3AC38DF41AAD0EBB0028B94E /* beautifulprayerTests */ = {
			isa = PBXGroup;
			children = (
				3AC38DF71AAD0EBB0028B94E /* beautifulprayerTests.m */,
				3AC38DF51AAD0EBB0028B94E /* Supporting Files */,
			);
			path = beautifulprayerTests;
			sourceTree = "<group>";
		};
		3AC38DF51AAD0EBB0028B94E /* Supporting Files */ = {
			isa = PBXGroup;
			children = (
				3AC38DF61AAD0EBB0028B94E /* Info.plist */,
			);
			name = "Supporting Files";
			sourceTree = "<group>";
		};
		3ADDEEED1AB6F587006FE3E9 /* LocalStore */ = {
			isa = PBXGroup;
			children = (
				3ADDEEEE1AB6F5A7006FE3E9 /* LocalStore.h */,
				3ADDEEEF1AB6F5A7006FE3E9 /* LocalStore.m */,
			);
			name = LocalStore;
			sourceTree = "<group>";
		};
		3AE4700D1AAFFA74000C3C88 /* beautifulprayer WatchKit Extension */ = {
			isa = PBXGroup;
			children = (
				3AE470101AAFFA74000C3C88 /* InterfaceController.h */,
				3AE470111AAFFA74000C3C88 /* InterfaceController.m */,
				3AE470131AAFFA74000C3C88 /* Images.xcassets */,
				3AE4700E1AAFFA74000C3C88 /* Supporting Files */,
			);
			path = "beautifulprayer WatchKit Extension";
			sourceTree = "<group>";
		};
		3AE4700E1AAFFA74000C3C88 /* Supporting Files */ = {
			isa = PBXGroup;
			children = (
				3AE4700F1AAFFA74000C3C88 /* Info.plist */,
			);
			name = "Supporting Files";
			sourceTree = "<group>";
		};
		3AE4701B1AAFFA75000C3C88 /* beautifulprayer WatchKit App */ = {
			isa = PBXGroup;
			children = (
				3AE4701E1AAFFA75000C3C88 /* Interface.storyboard */,
				3AE470211AAFFA75000C3C88 /* Images.xcassets */,
				3AE4701C1AAFFA75000C3C88 /* Supporting Files */,
			);
			path = "beautifulprayer WatchKit App";
			sourceTree = "<group>";
		};
		3AE4701C1AAFFA75000C3C88 /* Supporting Files */ = {
			isa = PBXGroup;
			children = (
				3AE4701D1AAFFA75000C3C88 /* Info.plist */,
			);
			name = "Supporting Files";
			sourceTree = "<group>";
		};
		ABCFF168C360E4AA926AD987 /* Pods */ = {
			isa = PBXGroup;
			children = (
				269884BAD64910D680978C92 /* Pods.debug.xcconfig */,
				B467E19C6686B600DBA2E924 /* Pods.release.xcconfig */,
			);
			name = Pods;
			sourceTree = "<group>";
		};
/* End PBXGroup section */

/* Begin PBXNativeTarget section */
		3AC38DD71AAD0EBB0028B94E /* beautifulprayer */ = {
			isa = PBXNativeTarget;
			buildConfigurationList = 3AC38DFB1AAD0EBB0028B94E /* Build configuration list for PBXNativeTarget "beautifulprayer" */;
			buildPhases = (
				C272A3428BE077573A5A15A7 /* Check Pods Manifest.lock */,
				3AC38DD41AAD0EBB0028B94E /* Sources */,
				3AC38DD51AAD0EBB0028B94E /* Frameworks */,
				3AC38DD61AAD0EBB0028B94E /* Resources */,
				BDA7330155BECD32981D2A9C /* Copy Pods Resources */,
				3AC38E011AAD105D0028B94E /* ShellScript */,
			);
			buildRules = (
			);
			dependencies = (
			);
			name = beautifulprayer;
			productName = beautifulprayer;
			productReference = 3AC38DD81AAD0EBB0028B94E /* beautifulprayer.app */;
			productType = "com.apple.product-type.application";
		};
		3AC38DF01AAD0EBB0028B94E /* beautifulprayerTests */ = {
			isa = PBXNativeTarget;
			buildConfigurationList = 3AC38DFE1AAD0EBB0028B94E /* Build configuration list for PBXNativeTarget "beautifulprayerTests" */;
			buildPhases = (
				3AC38DED1AAD0EBB0028B94E /* Sources */,
				3AC38DEE1AAD0EBB0028B94E /* Frameworks */,
				3AC38DEF1AAD0EBB0028B94E /* Resources */,
			);
			buildRules = (
			);
			dependencies = (
				3AC38DF31AAD0EBB0028B94E /* PBXTargetDependency */,
			);
			name = beautifulprayerTests;
			productName = beautifulprayerTests;
			productReference = 3AC38DF11AAD0EBB0028B94E /* beautifulprayerTests.xctest */;
			productType = "com.apple.product-type.bundle.unit-test";
		};
		3AE4700B1AAFFA74000C3C88 /* beautifulprayer WatchKit Extension */ = {
			isa = PBXNativeTarget;
			buildConfigurationList = 3AE4702B1AAFFA75000C3C88 /* Build configuration list for PBXNativeTarget "beautifulprayer WatchKit Extension" */;
			buildPhases = (
				2846064A23CA30758E4B056C /* Check Pods Manifest.lock */,
				3AE470081AAFFA74000C3C88 /* Sources */,
				3AE470091AAFFA74000C3C88 /* Frameworks */,
				3AE4700A1AAFFA74000C3C88 /* Resources */,
				371574211D648B3C65A88E44 /* Copy Pods Resources */,
			);
			buildRules = (
			);
			dependencies = (
				3AE4701A1AAFFA75000C3C88 /* PBXTargetDependency */,
			);
			name = "beautifulprayer WatchKit Extension";
			productName = "beautifulprayer WatchKit Extension";
			productReference = 3AE4700C1AAFFA74000C3C88 /* beautifulprayer WatchKit Extension.appex */;
			productType = "com.apple.product-type.watchkit-extension";
		};
		3AE470161AAFFA75000C3C88 /* beautifulprayer WatchKit App */ = {
			isa = PBXNativeTarget;
			buildConfigurationList = 3AE4702A1AAFFA75000C3C88 /* Build configuration list for PBXNativeTarget "beautifulprayer WatchKit App" */;
			buildPhases = (
				D461B6BD1866C399FAF6BC05 /* Check Pods Manifest.lock */,
				3AE470151AAFFA75000C3C88 /* Resources */,
				2403FD104D8AAD716C8338D9 /* Frameworks */,
				3E63DAC597C3FCFE6179FA5E /* Copy Pods Resources */,
			);
			buildRules = (
			);
			dependencies = (
			);
			name = "beautifulprayer WatchKit App";
			productName = "beautifulprayer WatchKit App";
			productReference = 3AE470171AAFFA75000C3C88 /* beautifulprayer WatchKit App.app */;
			productType = "com.apple.product-type.application.watchapp";
		};
/* End PBXNativeTarget section */

/* Begin PBXProject section */
		3AC38DD01AAD0EBB0028B94E /* Project object */ = {
			isa = PBXProject;
			attributes = {
				LastUpgradeCheck = 0610;
				ORGANIZATIONNAME = adrian;
				TargetAttributes = {
					3AC38DD71AAD0EBB0028B94E = {
						CreatedOnToolsVersion = 6.1.1;
						DevelopmentTeam = 3U9ZDPGUG6;
					};
					3AC38DF01AAD0EBB0028B94E = {
						CreatedOnToolsVersion = 6.1.1;
						TestTargetID = 3AC38DD71AAD0EBB0028B94E;
					};
					3AE4700B1AAFFA74000C3C88 = {
						CreatedOnToolsVersion = 6.2;
					};
					3AE470161AAFFA75000C3C88 = {
						CreatedOnToolsVersion = 6.2;
					};
				};
			};
			buildConfigurationList = 3AC38DD31AAD0EBB0028B94E /* Build configuration list for PBXProject "beautifulprayer" */;
			compatibilityVersion = "Xcode 3.2";
			developmentRegion = English;
			hasScannedForEncodings = 0;
			knownRegions = (
				en,
				Base,
			);
			mainGroup = 3AC38DCF1AAD0EBB0028B94E;
			productRefGroup = 3AC38DD91AAD0EBB0028B94E /* Products */;
			projectDirPath = "";
			projectRoot = "";
			targets = (
				3AC38DD71AAD0EBB0028B94E /* beautifulprayer */,
				3AC38DF01AAD0EBB0028B94E /* beautifulprayerTests */,
				3AE4700B1AAFFA74000C3C88 /* beautifulprayer WatchKit Extension */,
				3AE470161AAFFA75000C3C88 /* beautifulprayer WatchKit App */,
			);
		};
/* End PBXProject section */

/* Begin PBXResourcesBuildPhase section */
		3AC38DD61AAD0EBB0028B94E /* Resources */ = {
			isa = PBXResourcesBuildPhase;
			buildActionMask = 2147483647;
			files = (
				3A55F68E1AAD3379006C2652 /* OFL.txt in Resources */,
				3A55F68A1AAD3379006C2652 /* Lato-Italic.ttf in Resources */,
				3A3C918B1AAEA365003BAE22 /* PrayerCell.xib in Resources */,
				3A55F6841AAD3379006C2652 /* Lato-Black.ttf in Resources */,
				3A55F6861AAD3379006C2652 /* Lato-Bold.ttf in Resources */,
				3A55F68B1AAD3379006C2652 /* Lato-Light.ttf in Resources */,
				3A55F6721AAD26F4006C2652 /* NextPrayerViewController.xib in Resources */,
				3A55F6851AAD3379006C2652 /* Lato-BlackItalic.ttf in Resources */,
				3ADDEEEC1AB6F3C7006FE3E9 /* SettingsViewController.xib in Resources */,
				3A3C91861AAEA2E3003BAE22 /* PrayerTimesController.xib in Resources */,
				3AC38DEC1AAD0EBB0028B94E /* LaunchScreen.xib in Resources */,
				3A55F68C1AAD3379006C2652 /* Lato-LightItalic.ttf in Resources */,
				3ADDEEF61AB6FCD3006FE3E9 /* SettingsCell.xib in Resources */,
				3A55F6891AAD3379006C2652 /* Lato-HairlineItalic.ttf in Resources */,
				3A55F6871AAD3379006C2652 /* Lato-BoldItalic.ttf in Resources */,
				3A55F68D1AAD3379006C2652 /* Lato-Regular.ttf in Resources */,
				3A55F6881AAD3379006C2652 /* Lato-Hairline.ttf in Resources */,
				3AC38DE91AAD0EBB0028B94E /* Images.xcassets in Resources */,
			);
			runOnlyForDeploymentPostprocessing = 0;
		};
		3AC38DEF1AAD0EBB0028B94E /* Resources */ = {
			isa = PBXResourcesBuildPhase;
			buildActionMask = 2147483647;
			files = (
			);
			runOnlyForDeploymentPostprocessing = 0;
		};
		3AE4700A1AAFFA74000C3C88 /* Resources */ = {
			isa = PBXResourcesBuildPhase;
			buildActionMask = 2147483647;
			files = (
				3A7B6FA91AB002F60043E3D1 /* Lato-LightItalic.ttf in Resources */,
				3A7B6FA21AB002F60043E3D1 /* Lato-BlackItalic.ttf in Resources */,
				3A7B6FA51AB002F60043E3D1 /* Lato-Hairline.ttf in Resources */,
				3A7B6FA61AB002F60043E3D1 /* Lato-HairlineItalic.ttf in Resources */,
				3A7B6FA31AB002F60043E3D1 /* Lato-Bold.ttf in Resources */,
				3AE470181AAFFA75000C3C88 /* beautifulprayer WatchKit App.app in Resources */,
				3A7B6FA81AB002F60043E3D1 /* Lato-Light.ttf in Resources */,
				3A7B6FAA1AB002F60043E3D1 /* Lato-Regular.ttf in Resources */,
				3A7B6FA41AB002F60043E3D1 /* Lato-BoldItalic.ttf in Resources */,
				3A7B6FA11AB002F60043E3D1 /* Lato-Black.ttf in Resources */,
				3A7B6FA71AB002F60043E3D1 /* Lato-Italic.ttf in Resources */,
				3AE470141AAFFA74000C3C88 /* Images.xcassets in Resources */,
			);
			runOnlyForDeploymentPostprocessing = 0;
		};
		3AE470151AAFFA75000C3C88 /* Resources */ = {
			isa = PBXResourcesBuildPhase;
			buildActionMask = 2147483647;
			files = (
				3A7B6FB41AB0044F0043E3D1 /* Lato-LightItalic.ttf in Resources */,
				3A7B6FAD1AB0044F0043E3D1 /* Lato-BlackItalic.ttf in Resources */,
				3A7B6FB01AB0044F0043E3D1 /* Lato-Hairline.ttf in Resources */,
				3A7B6FB11AB0044F0043E3D1 /* Lato-HairlineItalic.ttf in Resources */,
				3A7B6FAE1AB0044F0043E3D1 /* Lato-Bold.ttf in Resources */,
				3AE470201AAFFA75000C3C88 /* Interface.storyboard in Resources */,
				3A7B6FB31AB0044F0043E3D1 /* Lato-Light.ttf in Resources */,
				3A7B6FB51AB0044F0043E3D1 /* Lato-Regular.ttf in Resources */,
				3A7B6FAF1AB0044F0043E3D1 /* Lato-BoldItalic.ttf in Resources */,
				3A7B6FAC1AB0044F0043E3D1 /* Lato-Black.ttf in Resources */,
				3A7B6FB21AB0044F0043E3D1 /* Lato-Italic.ttf in Resources */,
				3AE470221AAFFA75000C3C88 /* Images.xcassets in Resources */,
			);
			runOnlyForDeploymentPostprocessing = 0;
		};
/* End PBXResourcesBuildPhase section */

/* Begin PBXShellScriptBuildPhase section */
		2846064A23CA30758E4B056C /* Check Pods Manifest.lock */ = {
			isa = PBXShellScriptBuildPhase;
			buildActionMask = 2147483647;
			files = (
			);
			inputPaths = (
			);
			name = "Check Pods Manifest.lock";
			outputPaths = (
			);
			runOnlyForDeploymentPostprocessing = 0;
			shellPath = /bin/sh;
			shellScript = "diff \"${PODS_ROOT}/../Podfile.lock\" \"${PODS_ROOT}/Manifest.lock\" > /dev/null\nif [[ $? != 0 ]] ; then\n    cat << EOM\nerror: The sandbox is not in sync with the Podfile.lock. Run 'pod install' or update your CocoaPods installation.\nEOM\n    exit 1\nfi\n";
			showEnvVarsInLog = 0;
		};
		371574211D648B3C65A88E44 /* Copy Pods Resources */ = {
			isa = PBXShellScriptBuildPhase;
			buildActionMask = 2147483647;
			files = (
			);
			inputPaths = (
			);
			name = "Copy Pods Resources";
			outputPaths = (
			);
			runOnlyForDeploymentPostprocessing = 0;
			shellPath = /bin/sh;
			shellScript = "\"${SRCROOT}/Pods/Target Support Files/Pods/Pods-resources.sh\"\n";
			showEnvVarsInLog = 0;
		};
		3AC38E011AAD105D0028B94E /* ShellScript */ = {
			isa = PBXShellScriptBuildPhase;
			buildActionMask = 2147483647;
			files = (
			);
			inputPaths = (
			);
			outputPaths = (
			);
			runOnlyForDeploymentPostprocessing = 0;
			shellPath = /bin/sh;
			shellScript = "./Fabric.framework/run 06992f936b8d4cb8e11c61bd86924b208a164f4e 0dd380d9b695f35b92ea819d577fe85c37f0586d845942b430c45b565a095936\n";
		};
		3E63DAC597C3FCFE6179FA5E /* Copy Pods Resources */ = {
			isa = PBXShellScriptBuildPhase;
			buildActionMask = 2147483647;
			files = (
			);
			inputPaths = (
			);
			name = "Copy Pods Resources";
			outputPaths = (
			);
			runOnlyForDeploymentPostprocessing = 0;
			shellPath = /bin/sh;
			shellScript = "\"${SRCROOT}/Pods/Target Support Files/Pods/Pods-resources.sh\"\n";
			showEnvVarsInLog = 0;
		};
		BDA7330155BECD32981D2A9C /* Copy Pods Resources */ = {
			isa = PBXShellScriptBuildPhase;
			buildActionMask = 2147483647;
			files = (
			);
			inputPaths = (
			);
			name = "Copy Pods Resources";
			outputPaths = (
			);
			runOnlyForDeploymentPostprocessing = 0;
			shellPath = /bin/sh;
			shellScript = "\"${SRCROOT}/Pods/Target Support Files/Pods/Pods-resources.sh\"\n";
			showEnvVarsInLog = 0;
		};
		C272A3428BE077573A5A15A7 /* Check Pods Manifest.lock */ = {
			isa = PBXShellScriptBuildPhase;
			buildActionMask = 2147483647;
			files = (
			);
			inputPaths = (
			);
			name = "Check Pods Manifest.lock";
			outputPaths = (
			);
			runOnlyForDeploymentPostprocessing = 0;
			shellPath = /bin/sh;
			shellScript = "diff \"${PODS_ROOT}/../Podfile.lock\" \"${PODS_ROOT}/Manifest.lock\" > /dev/null\nif [[ $? != 0 ]] ; then\n    cat << EOM\nerror: The sandbox is not in sync with the Podfile.lock. Run 'pod install' or update your CocoaPods installation.\nEOM\n    exit 1\nfi\n";
			showEnvVarsInLog = 0;
		};
		D461B6BD1866C399FAF6BC05 /* Check Pods Manifest.lock */ = {
			isa = PBXShellScriptBuildPhase;
			buildActionMask = 2147483647;
			files = (
			);
			inputPaths = (
			);
			name = "Check Pods Manifest.lock";
			outputPaths = (
			);
			runOnlyForDeploymentPostprocessing = 0;
			shellPath = /bin/sh;
			shellScript = "diff \"${PODS_ROOT}/../Podfile.lock\" \"${PODS_ROOT}/Manifest.lock\" > /dev/null\nif [[ $? != 0 ]] ; then\n    cat << EOM\nerror: The sandbox is not in sync with the Podfile.lock. Run 'pod install' or update your CocoaPods installation.\nEOM\n    exit 1\nfi\n";
			showEnvVarsInLog = 0;
		};
/* End PBXShellScriptBuildPhase section */

/* Begin PBXSourcesBuildPhase section */
		3AC38DD41AAD0EBB0028B94E /* Sources */ = {
			isa = PBXSourcesBuildPhase;
			buildActionMask = 2147483647;
			files = (
				3A55F6711AAD26F4006C2652 /* NextPrayerViewController.m in Sources */,
				3A55F6911AAD3976006C2652 /* PrayerLocaleManager.m in Sources */,
				3AC38DE11AAD0EBB0028B94E /* AppDelegate.m in Sources */,
				3ADDEEF01AB6F5A7006FE3E9 /* LocalStore.m in Sources */,
				3ADDEEF51AB6FCD3006FE3E9 /* SettingsCell.m in Sources */,
				3ADDEEEB1AB6F3C7006FE3E9 /* SettingsViewController.m in Sources */,
				3A3C918A1AAEA365003BAE22 /* PrayerCell.m in Sources */,
				3A5FAA861AAD71B800CAAE78 /* StyleManager.m in Sources */,
				3AC38DDE1AAD0EBB0028B94E /* main.m in Sources */,
				3A3C91851AAEA2E3003BAE22 /* PrayerTimesController.m in Sources */,
			);
			runOnlyForDeploymentPostprocessing = 0;
		};
		3AC38DED1AAD0EBB0028B94E /* Sources */ = {
			isa = PBXSourcesBuildPhase;
			buildActionMask = 2147483647;
			files = (
				3AC38DF81AAD0EBB0028B94E /* beautifulprayerTests.m in Sources */,
			);
			runOnlyForDeploymentPostprocessing = 0;
		};
		3AE470081AAFFA74000C3C88 /* Sources */ = {
			isa = PBXSourcesBuildPhase;
			buildActionMask = 2147483647;
			files = (
				3A7B6FAB1AB003CB0043E3D1 /* StyleManager.m in Sources */,
				3A9B1AF11AAFFE2E00E7A01F /* PrayerLocaleManager.m in Sources */,
				3AE470121AAFFA74000C3C88 /* InterfaceController.m in Sources */,
				3ADDEEF11AB6F8CE006FE3E9 /* LocalStore.m in Sources */,
			);
			runOnlyForDeploymentPostprocessing = 0;
		};
/* End PBXSourcesBuildPhase section */

/* Begin PBXTargetDependency section */
		3AC38DF31AAD0EBB0028B94E /* PBXTargetDependency */ = {
			isa = PBXTargetDependency;
			target = 3AC38DD71AAD0EBB0028B94E /* beautifulprayer */;
			targetProxy = 3AC38DF21AAD0EBB0028B94E /* PBXContainerItemProxy */;
		};
		3AE4701A1AAFFA75000C3C88 /* PBXTargetDependency */ = {
			isa = PBXTargetDependency;
			target = 3AE470161AAFFA75000C3C88 /* beautifulprayer WatchKit App */;
			targetProxy = 3AE470191AAFFA75000C3C88 /* PBXContainerItemProxy */;
		};
/* End PBXTargetDependency section */

/* Begin PBXVariantGroup section */
		3AC38DEA1AAD0EBB0028B94E /* LaunchScreen.xib */ = {
			isa = PBXVariantGroup;
			children = (
				3AC38DEB1AAD0EBB0028B94E /* Base */,
			);
			name = LaunchScreen.xib;
			sourceTree = "<group>";
		};
		3AE4701E1AAFFA75000C3C88 /* Interface.storyboard */ = {
			isa = PBXVariantGroup;
			children = (
				3AE4701F1AAFFA75000C3C88 /* Base */,
			);
			name = Interface.storyboard;
			sourceTree = "<group>";
		};
/* End PBXVariantGroup section */

/* Begin XCBuildConfiguration section */
		3A564E671AB80068006BD37F /* Release-AppStore */ = {
			isa = XCBuildConfiguration;
			buildSettings = {
				ALWAYS_SEARCH_USER_PATHS = NO;
				CLANG_CXX_LANGUAGE_STANDARD = "gnu++0x";
				CLANG_CXX_LIBRARY = "libc++";
				CLANG_ENABLE_MODULES = YES;
				CLANG_ENABLE_OBJC_ARC = YES;
				CLANG_WARN_BOOL_CONVERSION = YES;
				CLANG_WARN_CONSTANT_CONVERSION = YES;
				CLANG_WARN_DIRECT_OBJC_ISA_USAGE = YES_ERROR;
				CLANG_WARN_EMPTY_BODY = YES;
				CLANG_WARN_ENUM_CONVERSION = YES;
				CLANG_WARN_INT_CONVERSION = YES;
				CLANG_WARN_OBJC_ROOT_CLASS = YES_ERROR;
				CLANG_WARN_UNREACHABLE_CODE = YES;
				CLANG_WARN__DUPLICATE_METHOD_MATCH = YES;
				"CODE_SIGN_IDENTITY[sdk=iphoneos*]" = "iPhone Developer";
				COPY_PHASE_STRIP = YES;
				ENABLE_NS_ASSERTIONS = NO;
				ENABLE_STRICT_OBJC_MSGSEND = YES;
				GCC_C_LANGUAGE_STANDARD = gnu99;
				GCC_WARN_64_TO_32_BIT_CONVERSION = YES;
				GCC_WARN_ABOUT_RETURN_TYPE = YES_ERROR;
				GCC_WARN_UNDECLARED_SELECTOR = YES;
				GCC_WARN_UNINITIALIZED_AUTOS = YES_AGGRESSIVE;
				GCC_WARN_UNUSED_FUNCTION = YES;
				GCC_WARN_UNUSED_VARIABLE = YES;
				IPHONEOS_DEPLOYMENT_TARGET = 8.1;
				MTL_ENABLE_DEBUG_INFO = NO;
				SDKROOT = iphoneos;
				VALIDATE_PRODUCT = YES;
			};
			name = "Release-AppStore";
		};
		3A564E681AB80068006BD37F /* Release-AppStore */ = {
			isa = XCBuildConfiguration;
			baseConfigurationReference = B467E19C6686B600DBA2E924 /* Pods.release.xcconfig */;
			buildSettings = {
				ASSETCATALOG_COMPILER_APPICON_NAME = AppIcon;
				CODE_SIGN_IDENTITY = "iPhone Distribution: Kazem Kutob (3U9ZDPGUG6)";
				"CODE_SIGN_IDENTITY[sdk=iphoneos*]" = "iPhone Distribution: Kazem Kutob (3U9ZDPGUG6)";
				FRAMEWORK_SEARCH_PATHS = (
					"$(inherited)",
					"$(PROJECT_DIR)",
				);
				INFOPLIST_FILE = beautifulprayer/Info.plist;
				LD_RUNPATH_SEARCH_PATHS = "$(inherited) @executable_path/Frameworks";
				PRODUCT_NAME = "$(TARGET_NAME)";
				PROVISIONING_PROFILE = "0111e333-16cf-43bb-a935-3403158d8889";
			};
			name = "Release-AppStore";
		};
		3A564E691AB80068006BD37F /* Release-AppStore */ = {
			isa = XCBuildConfiguration;
			buildSettings = {
				BUNDLE_LOADER = "$(TEST_HOST)";
				FRAMEWORK_SEARCH_PATHS = (
					"$(SDKROOT)/Developer/Library/Frameworks",
					"$(inherited)",
				);
				INFOPLIST_FILE = beautifulprayerTests/Info.plist;
				LD_RUNPATH_SEARCH_PATHS = "$(inherited) @executable_path/Frameworks @loader_path/Frameworks";
				PRODUCT_NAME = "$(TARGET_NAME)";
				TEST_HOST = "$(BUILT_PRODUCTS_DIR)/beautifulprayer.app/beautifulprayer";
			};
			name = "Release-AppStore";
		};
		3A564E6A1AB80068006BD37F /* Release-AppStore */ = {
			isa = XCBuildConfiguration;
			baseConfigurationReference = B467E19C6686B600DBA2E924 /* Pods.release.xcconfig */;
			buildSettings = {
				CODE_SIGN_IDENTITY = "iPhone Distribution";
				"CODE_SIGN_IDENTITY[sdk=iphoneos*]" = "iPhone Distribution: Kazem Kutob (3U9ZDPGUG6)";
				COPY_PHASE_STRIP = NO;
				INFOPLIST_FILE = "beautifulprayer WatchKit Extension/Info.plist";
				IPHONEOS_DEPLOYMENT_TARGET = 8.2;
				LD_RUNPATH_SEARCH_PATHS = "$(inherited) @executable_path/Frameworks @executable_path/../../Frameworks";
				PRODUCT_NAME = "${TARGET_NAME}";
				SKIP_INSTALL = YES;
			};
			name = "Release-AppStore";
		};
		3A564E6B1AB80068006BD37F /* Release-AppStore */ = {
			isa = XCBuildConfiguration;
			baseConfigurationReference = B467E19C6686B600DBA2E924 /* Pods.release.xcconfig */;
			buildSettings = {
				ASSETCATALOG_COMPILER_APPICON_NAME = AppIcon;
				COPY_PHASE_STRIP = NO;
				IBSC_MODULE = beautifulprayer_WatchKit_Extension;
				INFOPLIST_FILE = "beautifulprayer WatchKit App/Info.plist";
				IPHONEOS_DEPLOYMENT_TARGET = 8.2;
				PRODUCT_NAME = "$(TARGET_NAME)";
				SKIP_INSTALL = YES;
				TARGETED_DEVICE_FAMILY = 4;
				"TARGETED_DEVICE_FAMILY[sdk=iphonesimulator*]" = "1,4";
			};
			name = "Release-AppStore";
		};
		3AC38DF91AAD0EBB0028B94E /* Debug */ = {
			isa = XCBuildConfiguration;
			buildSettings = {
				ALWAYS_SEARCH_USER_PATHS = NO;
				CLANG_CXX_LANGUAGE_STANDARD = "gnu++0x";
				CLANG_CXX_LIBRARY = "libc++";
				CLANG_ENABLE_MODULES = YES;
				CLANG_ENABLE_OBJC_ARC = YES;
				CLANG_WARN_BOOL_CONVERSION = YES;
				CLANG_WARN_CONSTANT_CONVERSION = YES;
				CLANG_WARN_DIRECT_OBJC_ISA_USAGE = YES_ERROR;
				CLANG_WARN_EMPTY_BODY = YES;
				CLANG_WARN_ENUM_CONVERSION = YES;
				CLANG_WARN_INT_CONVERSION = YES;
				CLANG_WARN_OBJC_ROOT_CLASS = YES_ERROR;
				CLANG_WARN_UNREACHABLE_CODE = YES;
				CLANG_WARN__DUPLICATE_METHOD_MATCH = YES;
				"CODE_SIGN_IDENTITY[sdk=iphoneos*]" = "iPhone Developer";
				COPY_PHASE_STRIP = NO;
				ENABLE_STRICT_OBJC_MSGSEND = YES;
				GCC_C_LANGUAGE_STANDARD = gnu99;
				GCC_DYNAMIC_NO_PIC = NO;
				GCC_OPTIMIZATION_LEVEL = 0;
				GCC_PREPROCESSOR_DEFINITIONS = (
					"DEBUG=1",
					"$(inherited)",
				);
				GCC_SYMBOLS_PRIVATE_EXTERN = NO;
				GCC_WARN_64_TO_32_BIT_CONVERSION = YES;
				GCC_WARN_ABOUT_RETURN_TYPE = YES_ERROR;
				GCC_WARN_UNDECLARED_SELECTOR = YES;
				GCC_WARN_UNINITIALIZED_AUTOS = YES_AGGRESSIVE;
				GCC_WARN_UNUSED_FUNCTION = YES;
				GCC_WARN_UNUSED_VARIABLE = YES;
				IPHONEOS_DEPLOYMENT_TARGET = 8.1;
				MTL_ENABLE_DEBUG_INFO = YES;
				ONLY_ACTIVE_ARCH = YES;
				SDKROOT = iphoneos;
			};
			name = Debug;
		};
		3AC38DFA1AAD0EBB0028B94E /* Release */ = {
			isa = XCBuildConfiguration;
			buildSettings = {
				ALWAYS_SEARCH_USER_PATHS = NO;
				CLANG_CXX_LANGUAGE_STANDARD = "gnu++0x";
				CLANG_CXX_LIBRARY = "libc++";
				CLANG_ENABLE_MODULES = YES;
				CLANG_ENABLE_OBJC_ARC = YES;
				CLANG_WARN_BOOL_CONVERSION = YES;
				CLANG_WARN_CONSTANT_CONVERSION = YES;
				CLANG_WARN_DIRECT_OBJC_ISA_USAGE = YES_ERROR;
				CLANG_WARN_EMPTY_BODY = YES;
				CLANG_WARN_ENUM_CONVERSION = YES;
				CLANG_WARN_INT_CONVERSION = YES;
				CLANG_WARN_OBJC_ROOT_CLASS = YES_ERROR;
				CLANG_WARN_UNREACHABLE_CODE = YES;
				CLANG_WARN__DUPLICATE_METHOD_MATCH = YES;
				"CODE_SIGN_IDENTITY[sdk=iphoneos*]" = "iPhone Developer";
				COPY_PHASE_STRIP = YES;
				ENABLE_NS_ASSERTIONS = NO;
				ENABLE_STRICT_OBJC_MSGSEND = YES;
				GCC_C_LANGUAGE_STANDARD = gnu99;
				GCC_WARN_64_TO_32_BIT_CONVERSION = YES;
				GCC_WARN_ABOUT_RETURN_TYPE = YES_ERROR;
				GCC_WARN_UNDECLARED_SELECTOR = YES;
				GCC_WARN_UNINITIALIZED_AUTOS = YES_AGGRESSIVE;
				GCC_WARN_UNUSED_FUNCTION = YES;
				GCC_WARN_UNUSED_VARIABLE = YES;
				IPHONEOS_DEPLOYMENT_TARGET = 8.1;
				MTL_ENABLE_DEBUG_INFO = NO;
				SDKROOT = iphoneos;
				VALIDATE_PRODUCT = YES;
			};
			name = Release;
		};
		3AC38DFC1AAD0EBB0028B94E /* Debug */ = {
			isa = XCBuildConfiguration;
			baseConfigurationReference = 269884BAD64910D680978C92 /* Pods.debug.xcconfig */;
			buildSettings = {
				ASSETCATALOG_COMPILER_APPICON_NAME = AppIcon;
				CODE_SIGN_IDENTITY = "iPhone Developer";
				"CODE_SIGN_IDENTITY[sdk=iphoneos*]" = "iPhone Developer";
				FRAMEWORK_SEARCH_PATHS = (
					"$(inherited)",
					"$(PROJECT_DIR)",
				);
				INFOPLIST_FILE = beautifulprayer/Info.plist;
				LD_RUNPATH_SEARCH_PATHS = "$(inherited) @executable_path/Frameworks";
				PRODUCT_NAME = "$(TARGET_NAME)";
				PROVISIONING_PROFILE = "";
			};
			name = Debug;
		};
		3AC38DFD1AAD0EBB0028B94E /* Release */ = {
			isa = XCBuildConfiguration;
			baseConfigurationReference = B467E19C6686B600DBA2E924 /* Pods.release.xcconfig */;
			buildSettings = {
				ASSETCATALOG_COMPILER_APPICON_NAME = AppIcon;
				CODE_SIGN_IDENTITY = "iPhone Developer";
				"CODE_SIGN_IDENTITY[sdk=iphoneos*]" = "iPhone Developer";
				FRAMEWORK_SEARCH_PATHS = (
					"$(inherited)",
					"$(PROJECT_DIR)",
				);
				INFOPLIST_FILE = beautifulprayer/Info.plist;
				LD_RUNPATH_SEARCH_PATHS = "$(inherited) @executable_path/Frameworks";
				PRODUCT_NAME = "$(TARGET_NAME)";
				PROVISIONING_PROFILE = "b9f870f1-7cd6-430b-87bd-1cf18798413a";
			};
			name = Release;
		};
		3AC38DFF1AAD0EBB0028B94E /* Debug */ = {
			isa = XCBuildConfiguration;
			buildSettings = {
				BUNDLE_LOADER = "$(TEST_HOST)";
				FRAMEWORK_SEARCH_PATHS = (
					"$(SDKROOT)/Developer/Library/Frameworks",
					"$(inherited)",
				);
				GCC_PREPROCESSOR_DEFINITIONS = (
					"DEBUG=1",
					"$(inherited)",
				);
				INFOPLIST_FILE = beautifulprayerTests/Info.plist;
				LD_RUNPATH_SEARCH_PATHS = "$(inherited) @executable_path/Frameworks @loader_path/Frameworks";
				PRODUCT_NAME = "$(TARGET_NAME)";
				TEST_HOST = "$(BUILT_PRODUCTS_DIR)/beautifulprayer.app/beautifulprayer";
			};
			name = Debug;
		};
		3AC38E001AAD0EBB0028B94E /* Release */ = {
			isa = XCBuildConfiguration;
			buildSettings = {
				BUNDLE_LOADER = "$(TEST_HOST)";
				FRAMEWORK_SEARCH_PATHS = (
					"$(SDKROOT)/Developer/Library/Frameworks",
					"$(inherited)",
				);
				INFOPLIST_FILE = beautifulprayerTests/Info.plist;
				LD_RUNPATH_SEARCH_PATHS = "$(inherited) @executable_path/Frameworks @loader_path/Frameworks";
				PRODUCT_NAME = "$(TARGET_NAME)";
				TEST_HOST = "$(BUILT_PRODUCTS_DIR)/beautifulprayer.app/beautifulprayer";
			};
			name = Release;
		};
		3AE470261AAFFA75000C3C88 /* Debug */ = {
			isa = XCBuildConfiguration;
			baseConfigurationReference = 269884BAD64910D680978C92 /* Pods.debug.xcconfig */;
			buildSettings = {
				GCC_PREPROCESSOR_DEFINITIONS = (
					"DEBUG=1",
					"$(inherited)",
				);
				INFOPLIST_FILE = "beautifulprayer WatchKit Extension/Info.plist";
				IPHONEOS_DEPLOYMENT_TARGET = 8.2;
				LD_RUNPATH_SEARCH_PATHS = "$(inherited) @executable_path/Frameworks @executable_path/../../Frameworks";
				PRODUCT_NAME = "${TARGET_NAME}";
				SKIP_INSTALL = YES;
			};
			name = Debug;
		};
		3AE470271AAFFA75000C3C88 /* Release */ = {
			isa = XCBuildConfiguration;
			baseConfigurationReference = B467E19C6686B600DBA2E924 /* Pods.release.xcconfig */;
			buildSettings = {
				CODE_SIGN_IDENTITY = "iPhone Distribution";
				"CODE_SIGN_IDENTITY[sdk=iphoneos*]" = "iPhone Distribution: Kazem Kutob (3U9ZDPGUG6)";
				COPY_PHASE_STRIP = NO;
				INFOPLIST_FILE = "beautifulprayer WatchKit Extension/Info.plist";
				IPHONEOS_DEPLOYMENT_TARGET = 8.2;
				LD_RUNPATH_SEARCH_PATHS = "$(inherited) @executable_path/Frameworks @executable_path/../../Frameworks";
				PRODUCT_NAME = "${TARGET_NAME}";
				SKIP_INSTALL = YES;
			};
			name = Release;
		};
		3AE470281AAFFA75000C3C88 /* Debug */ = {
			isa = XCBuildConfiguration;
			baseConfigurationReference = 269884BAD64910D680978C92 /* Pods.debug.xcconfig */;
			buildSettings = {
				ASSETCATALOG_COMPILER_APPICON_NAME = AppIcon;
				GCC_PREPROCESSOR_DEFINITIONS = (
					"DEBUG=1",
					"$(inherited)",
				);
				IBSC_MODULE = beautifulprayer_WatchKit_Extension;
				INFOPLIST_FILE = "beautifulprayer WatchKit App/Info.plist";
				IPHONEOS_DEPLOYMENT_TARGET = 8.2;
				PRODUCT_NAME = "$(TARGET_NAME)";
				SKIP_INSTALL = YES;
				TARGETED_DEVICE_FAMILY = 4;
				"TARGETED_DEVICE_FAMILY[sdk=iphonesimulator*]" = "1,4";
			};
			name = Debug;
		};
		3AE470291AAFFA75000C3C88 /* Release */ = {
			isa = XCBuildConfiguration;
			baseConfigurationReference = B467E19C6686B600DBA2E924 /* Pods.release.xcconfig */;
			buildSettings = {
				ASSETCATALOG_COMPILER_APPICON_NAME = AppIcon;
				COPY_PHASE_STRIP = NO;
				IBSC_MODULE = beautifulprayer_WatchKit_Extension;
				INFOPLIST_FILE = "beautifulprayer WatchKit App/Info.plist";
				IPHONEOS_DEPLOYMENT_TARGET = 8.2;
				PRODUCT_NAME = "$(TARGET_NAME)";
				SKIP_INSTALL = YES;
				TARGETED_DEVICE_FAMILY = 4;
				"TARGETED_DEVICE_FAMILY[sdk=iphonesimulator*]" = "1,4";
			};
			name = Release;
		};
/* End XCBuildConfiguration section */

/* Begin XCConfigurationList section */
		3AC38DD31AAD0EBB0028B94E /* Build configuration list for PBXProject "beautifulprayer" */ = {
			isa = XCConfigurationList;
			buildConfigurations = (
				3AC38DF91AAD0EBB0028B94E /* Debug */,
				3AC38DFA1AAD0EBB0028B94E /* Release */,
				3A564E671AB80068006BD37F /* Release-AppStore */,
			);
			defaultConfigurationIsVisible = 0;
			defaultConfigurationName = Release;
		};
		3AC38DFB1AAD0EBB0028B94E /* Build configuration list for PBXNativeTarget "beautifulprayer" */ = {
			isa = XCConfigurationList;
			buildConfigurations = (
				3AC38DFC1AAD0EBB0028B94E /* Debug */,
				3AC38DFD1AAD0EBB0028B94E /* Release */,
				3A564E681AB80068006BD37F /* Release-AppStore */,
			);
			defaultConfigurationIsVisible = 0;
			defaultConfigurationName = Release;
		};
		3AC38DFE1AAD0EBB0028B94E /* Build configuration list for PBXNativeTarget "beautifulprayerTests" */ = {
			isa = XCConfigurationList;
			buildConfigurations = (
				3AC38DFF1AAD0EBB0028B94E /* Debug */,
				3AC38E001AAD0EBB0028B94E /* Release */,
				3A564E691AB80068006BD37F /* Release-AppStore */,
			);
			defaultConfigurationIsVisible = 0;
			defaultConfigurationName = Release;
		};
		3AE4702A1AAFFA75000C3C88 /* Build configuration list for PBXNativeTarget "beautifulprayer WatchKit App" */ = {
			isa = XCConfigurationList;
			buildConfigurations = (
				3AE470281AAFFA75000C3C88 /* Debug */,
				3AE470291AAFFA75000C3C88 /* Release */,
				3A564E6B1AB80068006BD37F /* Release-AppStore */,
			);
			defaultConfigurationIsVisible = 0;
			defaultConfigurationName = Release;
		};
		3AE4702B1AAFFA75000C3C88 /* Build configuration list for PBXNativeTarget "beautifulprayer WatchKit Extension" */ = {
			isa = XCConfigurationList;
			buildConfigurations = (
				3AE470261AAFFA75000C3C88 /* Debug */,
				3AE470271AAFFA75000C3C88 /* Release */,
				3A564E6A1AB80068006BD37F /* Release-AppStore */,
			);
			defaultConfigurationIsVisible = 0;
			defaultConfigurationName = Release;
		};
/* End XCConfigurationList section */
	};
	rootObject = 3AC38DD01AAD0EBB0028B94E /* Project object */;
}
